
Microsoft Visual Studio Solution File, Format Version 12.00
# Visual Studio Version 17
VisualStudioVersion = 17.10.35013.160
MinimumVisualStudioVersion = 10.0.40219.1
Project("{8BC9CEB8-8B4A-11D0-8D11-00A0C91BC942}") = "DirectX11", "DirectX11\DirectX11.vcxproj", "{92A679C7-A67F-4B16-B055-7A2F4C23DD80}"
	ProjectSection(ProjectDependencies) = postProject
		{258D0AD2-B762-41E3-A0C1-CF831D859DA4} = {258D0AD2-B762-41E3-A0C1-CF831D859DA4}
		{E0B52AE7-E160-4D32-BF3F-910B785E5A8E} = {E0B52AE7-E160-4D32-BF3F-910B785E5A8E}
	EndProjectSection
EndProject
Project("{8BC9CEB8-8B4A-11D0-8D11-00A0C91BC942}") = "BinaryDecompiler", "BinaryDecompiler\BinaryDecompiler.vcxproj", "{258D0AD2-B762-41E3-A0C1-CF831D859DA4}"
EndProject
Project("{8BC9CEB8-8B4A-11D0-8D11-00A0C91BC942}") = "DirectXTK_Desktop_2017", "DirectXTK\DirectXTK_Desktop_2017.vcxproj", "{E0B52AE7-E160-4D32-BF3F-910B785E5A8E}"
EndProject
Project("{8BC9CEB8-8B4A-11D0-8D11-00A0C91BC942}") = "AuditTests", "AuditTests\AuditTests.vcxproj", "{7E14D620-86CE-4C0B-A244-B18A62E6D3D9}"
EndProject
Project("{2150E333-8FDC-42A3-9474-1A3956D46DE8}") = "Solution Items", "Solution Items", "{1693604A-42AF-4848-B892-D1540FB17FDE}"
EndProject
Project("{2150E333-8FDC-42A3-9474-1A3956D46DE8}") = "Runtime package", "Runtime package", "{83DCC342-4199-4E03-B720-80E5EDF18500}"
	ProjectSection(SolutionItems) = preProject
		Dependencies\d3dcompiler_47.dll = Dependencies\d3dcompiler_47.dll
		Dependencies\d3dx.ini = Dependencies\d3dx.ini
	EndProjectSection
EndProject
Project("{2150E333-8FDC-42A3-9474-1A3956D46DE8}") = "Prebuilt deps", "Prebuilt deps", "{02EA681E-C7D8-13C7-8484-4AC65E1B71E8}"
	ProjectSection(SolutionItems) = preProject
		Nektra\NktHookLib.h = Nektra\NktHookLib.h
		Nektra\NktHookLib.lib = Nektra\NktHookLib.lib
		Nektra\NktHookLib64.lib = Nektra\NktHookLib64.lib
		Nektra\NktHookLib_Debug.lib = Nektra\NktHookLib_Debug.lib
		Nektra\NktHookLib64_Debug.lib = Nektra\NktHookLib64_Debug.lib
		pcre2\pcre2.h = pcre2\pcre2.h
		pcre2\pcre2-8-32.lib = pcre2\pcre2-8-32.lib
		pcre2\pcre2-8-32d.lib = pcre2\pcre2-8-32d.lib
		pcre2\pcre2-8-64.lib = pcre2\pcre2-8-64.lib
		pcre2\pcre2-8-64d.lib = pcre2\pcre2-8-64d.lib
	EndProjectSection
EndProject
Global
	GlobalSection(SolutionConfigurationPlatforms) = preSolution
		Debug|Win32 = Debug|Win32
		Debug|x64 = Debug|x64
		Release|Win32 = Release|Win32
		Release|x64 = Release|x64
		Zip Release|Win32 = Zip Release|Win32
		Zip Release|x64 = Zip Release|x64
	EndGlobalSection
	GlobalSection(ProjectConfigurationPlatforms) = postSolution
		{92A679C7-A67F-4B16-B055-7A2F4C23DD80}.Debug|Win32.ActiveCfg = Debug|Win32
		{92A679C7-A67F-4B16-B055-7A2F4C23DD80}.Debug|Win32.Build.0 = Debug|Win32
		{92A679C7-A67F-4B16-B055-7A2F4C23DD80}.Debug|x64.ActiveCfg = Debug|x64
		{92A679C7-A67F-4B16-B055-7A2F4C23DD80}.Debug|x64.Build.0 = Debug|x64
		{92A679C7-A67F-4B16-B055-7A2F4C23DD80}.Release|Win32.ActiveCfg = Release|Win32
		{92A679C7-A67F-4B16-B055-7A2F4C23DD80}.Release|Win32.Build.0 = Release|Win32
		{92A679C7-A67F-4B16-B055-7A2F4C23DD80}.Release|x64.ActiveCfg = Release|x64
		{92A679C7-A67F-4B16-B055-7A2F4C23DD80}.Release|x64.Build.0 = Release|x64
		{92A679C7-A67F-4B16-B055-7A2F4C23DD80}.Zip Release|Win32.ActiveCfg = Zip Release|Win32
		{92A679C7-A67F-4B16-B055-7A2F4C23DD80}.Zip Release|x64.ActiveCfg = Zip Release|x64
		{92A679C7-A67F-4B16-B055-7A2F4C23DD80}.Zip Release|x64.Build.0 = Zip Release|x64
		{258D0AD2-B762-41E3-A0C1-CF831D859DA4}.Debug|Win32.ActiveCfg = Debug|Win32
		{258D0AD2-B762-41E3-A0C1-CF831D859DA4}.Debug|Win32.Build.0 = Debug|Win32
		{258D0AD2-B762-41E3-A0C1-CF831D859DA4}.Debug|x64.ActiveCfg = Debug|x64
		{258D0AD2-B762-41E3-A0C1-CF831D859DA4}.Debug|x64.Build.0 = Debug|x64
		{258D0AD2-B762-41E3-A0C1-CF831D859DA4}.Release|Win32.ActiveCfg = Release|Win32
		{258D0AD2-B762-41E3-A0C1-CF831D859DA4}.Release|Win32.Build.0 = Release|Win32
		{258D0AD2-B762-41E3-A0C1-CF831D859DA4}.Release|x64.ActiveCfg = Release|x64
		{258D0AD2-B762-41E3-A0C1-CF831D859DA4}.Release|x64.Build.0 = Release|x64
		{258D0AD2-B762-41E3-A0C1-CF831D859DA4}.Zip Release|Win32.ActiveCfg = Zip Release|Win32
		{258D0AD2-B762-41E3-A0C1-CF831D859DA4}.Zip Release|x64.ActiveCfg = Zip Release|x64
		{258D0AD2-B762-41E3-A0C1-CF831D859DA4}.Zip Release|x64.Build.0 = Zip Release|x64
		{E0B52AE7-E160-4D32-BF3F-910B785E5A8E}.Debug|Win32.ActiveCfg = Debug|Win32
		{E0B52AE7-E160-4D32-BF3F-910B785E5A8E}.Debug|Win32.Build.0 = Debug|Win32
		{E0B52AE7-E160-4D32-BF3F-910B785E5A8E}.Debug|x64.ActiveCfg = Debug|x64
		{E0B52AE7-E160-4D32-BF3F-910B785E5A8E}.Debug|x64.Build.0 = Debug|x64
		{E0B52AE7-E160-4D32-BF3F-910B785E5A8E}.Release|Win32.ActiveCfg = Release|Win32
		{E0B52AE7-E160-4D32-BF3F-910B785E5A8E}.Release|Win32.Build.0 = Release|Win32
		{E0B52AE7-E160-4D32-BF3F-910B785E5A8E}.Release|x64.ActiveCfg = Release|x64
		{E0B52AE7-E160-4D32-BF3F-910B785E5A8E}.Release|x64.Build.0 = Release|x64
		{E0B52AE7-E160-4D32-BF3F-910B785E5A8E}.Zip Release|Win32.ActiveCfg = Release|Win32
		{E0B52AE7-E160-4D32-BF3F-910B785E5A8E}.Zip Release|x64.ActiveCfg = Release|x64
		{E0B52AE7-E160-4D32-BF3F-910B785E5A8E}.Zip Release|x64.Build.0 = Release|x64
		{7E14D620-86CE-4C0B-A244-B18A62E6D3D9}.Debug|Win32.ActiveCfg = Debug|Win32
		{7E14D620-86CE-4C0B-A244-B18A62E6D3D9}.Debug|Win32.Build.0 = Debug|Win32
		{7E14D620-86CE-4C0B-A244-B18A62E6D3D9}.Debug|x64.ActiveCfg = Debug|x64
		{7E14D620-86CE-4C0B-A244-B18A62E6D3D9}.Debug|x64.Build.0 = Debug|x64
		{7E14D620-86CE-4C0B-A244-B18A62E6D3D9}.Release|Win32.ActiveCfg = Release|Win32
		{7E14D620-86CE-4C0B-A244-B18A62E6D3D9}.Release|Win32.Build.0 = Release|Win32
		{7E14D620-86CE-4C0B-A244-B18A62E6D3D9}.Release|x64.ActiveCfg = Release|x64
		{7E14D620-86CE-4C0B-A244-B18A62E6D3D9}.Release|x64.Build.0 = Release|x64
		{7E14D620-86CE-4C0B-A244-B18A62E6D3D9}.Zip Release|Win32.ActiveCfg = Release|Win32
		{7E14D620-86CE-4C0B-A244-B18A62E6D3D9}.Zip Release|x64.ActiveCfg = Release|x64
	EndGlobalSection
	GlobalSection(SolutionProperties) = preSolution
		HideSolutionNode = FALSE
	EndGlobalSection
	GlobalSection(NestedProjects) = preSolution
		{83DCC342-4199-4E03-B720-80E5EDF18500} = {1693604A-42AF-4848-B892-D1540FB17FDE}
		{02EA681E-C7D8-13C7-8484-4AC65E1B71E8} = {1693604A-42AF-4848-B892-D1540FB17FDE}
	EndGlobalSection
	GlobalSection(ExtensibilityGlobals) = postSolution
		SolutionGuid = {A93030B7-FA63-4CBB-87C6-2E430AF6A6BA}
	EndGlobalSection
EndGlobal
